
Microsoft Visual Studio Solution File, Format Version 12.00
# Visual Studio Version 17
VisualStudioVersion = 17.3.32929.385
MinimumVisualStudioVersion = 10.0.40219.1
Project("{FAE04EC0-301F-11D3-BF4B-00C04F79EFBC}") = "WeekOneWebApp", "WeekOneWebApp.csproj", "{A7D70FC4-D452-4D73-BA88-66135C516313}"
EndProject
Global
	GlobalSection(SolutionConfigurationPlatforms) = preSolution
		Debug|Any CPU = Debug|Any CPU
		Release|Any CPU = Release|Any CPU
	EndGlobalSection
	GlobalSection(ProjectConfigurationPlatforms) = postSolution
		{A7D70FC4-D452-4D73-BA88-66135C516313}.Debug|Any CPU.ActiveCfg = Debug|Any CPU
		{A7D70FC4-D452-4D73-BA88-66135C516313}.Debug|Any CPU.Build.0 = Debug|Any CPU
		{A7D70FC4-D452-4D73-BA88-66135C516313}.Release|Any CPU.ActiveCfg = Release|Any CPU
		{A7D70FC4-D452-4D73-BA88-66135C516313}.Release|Any CPU.Build.0 = Release|Any CPU
	EndGlobalSection
	GlobalSection(SolutionProperties) = preSolution
		HideSolutionNode = FALSE
	EndGlobalSection
	GlobalSection(ExtensibilityGlobals) = postSolution
		SolutionGuid = {5E5AF820-539B-48DA-AA56-BB03FF1BC073}
	EndGlobalSection
EndGlobal
